
Microsoft Visual Studio Solution File, Format Version 12.00
# Visual Studio 15
VisualStudioVersion = 15.0.26430.15
MinimumVisualStudioVersion = 10.0.40219.1
Project("{FAE04EC0-301F-11D3-BF4B-00C04F79EFBC}") = "HW_1", "1\HW_1.csproj", "{74C3904D-3666-4E67-9DC2-1566220DA431}"
EndProject
Project("{FAE04EC0-301F-11D3-BF4B-00C04F79EFBC}") = "UnitTestProject", "UnitTestProject\UnitTestProject.csproj", "{1E0D9D08-8917-4ED4-8D98-E87796465AFC}"
EndProject
Global
	GlobalSection(SolutionConfigurationPlatforms) = preSolution
		Debug|Any CPU = Debug|Any CPU
		Release|Any CPU = Release|Any CPU
	EndGlobalSection
	GlobalSection(ProjectConfigurationPlatforms) = postSolution
		{74C3904D-3666-4E67-9DC2-1566220DA431}.Debug|Any CPU.ActiveCfg = Debug|Any CPU
		{74C3904D-3666-4E67-9DC2-1566220DA431}.Debug|Any CPU.Build.0 = Debug|Any CPU
		{74C3904D-3666-4E67-9DC2-1566220DA431}.Release|Any CPU.ActiveCfg = Release|Any CPU
		{74C3904D-3666-4E67-9DC2-1566220DA431}.Release|Any CPU.Build.0 = Release|Any CPU
		{1E0D9D08-8917-4ED4-8D98-E87796465AFC}.Debug|Any CPU.ActiveCfg = Debug|Any CPU
		{1E0D9D08-8917-4ED4-8D98-E87796465AFC}.Debug|Any CPU.Build.0 = Debug|Any CPU
		{1E0D9D08-8917-4ED4-8D98-E87796465AFC}.Release|Any CPU.ActiveCfg = Release|Any CPU
		{1E0D9D08-8917-4ED4-8D98-E87796465AFC}.Release|Any CPU.Build.0 = Release|Any CPU
	EndGlobalSection
	GlobalSection(SolutionProperties) = preSolution
		HideSolutionNode = FALSE
	EndGlobalSection
EndGlobal
